
Microsoft Visual Studio Solution File, Format Version 12.00
# Visual Studio Version 17
VisualStudioVersion = 17.1.31911.260
MinimumVisualStudioVersion = 10.0.40219.1
Project("{2150E333-8FDC-42A3-9474-1A3956D46DE8}") = "SOLID", "SOLID", "{35DB7D12-3A5A-409A-B7E6-83AE4E07B554}"
EndProject
Project("{9A19103F-16F7-4668-BE54-9A1E7A4F7556}") = "SingleRespnsibilityPrincipe", "SingleRespnsibilityPrincipe\SingleRespnsibilityPrincipe.csproj", "{9A13C783-18A2-4DE2-8132-5F5C31E150E7}"
EndProject
Project("{9A19103F-16F7-4668-BE54-9A1E7A4F7556}") = "OpenClosePrincipe", "OpenClosePrincipe\OpenClosePrincipe.csproj", "{BF8E7BFA-E80B-4637-B4BD-D3BFCCABBAB1}"
EndProject
Project("{9A19103F-16F7-4668-BE54-9A1E7A4F7556}") = "LizkovPrincipe", "LizkovPrincipe\LizkovPrincipe.csproj", "{FDBBD22B-1F9A-401E-885A-F20040817B83}"
EndProject
Project("{2150E333-8FDC-42A3-9474-1A3956D46DE8}") = "Algorithmen", "Algorithmen", "{834E97A0-315B-4361-9B76-0A17FF7CD5E2}"
EndProject
Project("{9A19103F-16F7-4668-BE54-9A1E7A4F7556}") = "EnumBitFlags", "EnumBitFlags\EnumBitFlags.csproj", "{B49C1246-019A-47EE-827C-33680C5ADE4B}"
EndProject
Project("{9A19103F-16F7-4668-BE54-9A1E7A4F7556}") = "DependencyInversion", "DependencyInversion\DependencyInversion.csproj", "{FCF4C78D-561E-43BD-83D8-DC2015236922}"
EndProject
Project("{9A19103F-16F7-4668-BE54-9A1E7A4F7556}") = "SegerationOfConcernPrincipe", "SegerationOfConcernPrincipe\SegerationOfConcernPrincipe.csproj", "{9C1D6D1C-0C69-4375-9B80-4FC3D8D93CAD}"
EndProject
Project("{2150E333-8FDC-42A3-9474-1A3956D46DE8}") = "Solution Items", "Solution Items", "{27F3CB40-9CC3-426E-8BA3-AB4450A8D08D}"
	ProjectSection(SolutionItems) = preProject
		..\Agenda.md = ..\Agenda.md
		MyJSONClass.txt = MyJSONClass.txt
	EndProjectSection
EndProject
Project("{2150E333-8FDC-42A3-9474-1A3956D46DE8}") = "HTML", "HTML", "{F5833F69-54E3-4BB8-A960-F2FDF6093CA0}"
EndProject
Project("{9A19103F-16F7-4668-BE54-9A1E7A4F7556}") = "ASPNETCore_MVC_HTML_CSS", "ASPNETCore_MVC_HTML_CSS\ASPNETCore_MVC_HTML_CSS.csproj", "{707A47CC-7549-40D0-B38A-481F6E1C79B0}"
EndProject
Project("{2150E333-8FDC-42A3-9474-1A3956D46DE8}") = "ASPNETCore MVC", "ASPNETCore MVC", "{FFAEA53C-BAC7-4988-B4A6-C1F61CE67793}"
EndProject
Project("{9A19103F-16F7-4668-BE54-9A1E7A4F7556}") = "MVC_Samples", "MVC_Samples\MVC_Samples.csproj", "{676C23CF-F6F0-4D7A-8C8B-ECEDB9F8E713}"
EndProject
Project("{9A19103F-16F7-4668-BE54-9A1E7A4F7556}") = "RazorPageMovieSample", "RazorPageMovieSample\RazorPageMovieSample.csproj", "{337715E2-C73E-4EF1-AA3D-8DA45EBE186D}"
EndProject
Project("{2150E333-8FDC-42A3-9474-1A3956D46DE8}") = "WebAPI", "WebAPI", "{2F7B5A5D-7DAC-4D30-9300-1251FAE7B736}"
EndProject
Project("{9A19103F-16F7-4668-BE54-9A1E7A4F7556}") = "HelloWebAPI", "HelloWebAPI\HelloWebAPI.csproj", "{94AD03A6-89FD-4FD5-A3EA-3ACA3893856D}"
EndProject
Project("{2150E333-8FDC-42A3-9474-1A3956D46DE8}") = "gRPC", "gRPC", "{01F63996-82EA-4DFE-812F-9D037496CA86}"
EndProject
Project("{FAE04EC0-301F-11D3-BF4B-00C04F79EFBC}") = "GrpcGreeter", "GrpcGreeter\GrpcGreeter.csproj", "{69118521-C269-4AB5-8E12-D03E3694CCAC}"
EndProject
Project("{FAE04EC0-301F-11D3-BF4B-00C04F79EFBC}") = "GrpcGreeterClient", "GrpcGreeterClient\GrpcGreeterClient.csproj", "{A765D683-89E6-4CC6-BFDD-E7FEEA0BE715}"
EndProject
Global
	GlobalSection(SolutionConfigurationPlatforms) = preSolution
		Debug|Any CPU = Debug|Any CPU
		Release|Any CPU = Release|Any CPU
	EndGlobalSection
	GlobalSection(ProjectConfigurationPlatforms) = postSolution
		{9A13C783-18A2-4DE2-8132-5F5C31E150E7}.Debug|Any CPU.ActiveCfg = Debug|Any CPU
		{9A13C783-18A2-4DE2-8132-5F5C31E150E7}.Debug|Any CPU.Build.0 = Debug|Any CPU
		{9A13C783-18A2-4DE2-8132-5F5C31E150E7}.Release|Any CPU.ActiveCfg = Release|Any CPU
		{9A13C783-18A2-4DE2-8132-5F5C31E150E7}.Release|Any CPU.Build.0 = Release|Any CPU
		{BF8E7BFA-E80B-4637-B4BD-D3BFCCABBAB1}.Debug|Any CPU.ActiveCfg = Debug|Any CPU
		{BF8E7BFA-E80B-4637-B4BD-D3BFCCABBAB1}.Debug|Any CPU.Build.0 = Debug|Any CPU
		{BF8E7BFA-E80B-4637-B4BD-D3BFCCABBAB1}.Release|Any CPU.ActiveCfg = Release|Any CPU
		{BF8E7BFA-E80B-4637-B4BD-D3BFCCABBAB1}.Release|Any CPU.Build.0 = Release|Any CPU
		{FDBBD22B-1F9A-401E-885A-F20040817B83}.Debug|Any CPU.ActiveCfg = Debug|Any CPU
		{FDBBD22B-1F9A-401E-885A-F20040817B83}.Debug|Any CPU.Build.0 = Debug|Any CPU
		{FDBBD22B-1F9A-401E-885A-F20040817B83}.Release|Any CPU.ActiveCfg = Release|Any CPU
		{FDBBD22B-1F9A-401E-885A-F20040817B83}.Release|Any CPU.Build.0 = Release|Any CPU
		{B49C1246-019A-47EE-827C-33680C5ADE4B}.Debug|Any CPU.ActiveCfg = Debug|Any CPU
		{B49C1246-019A-47EE-827C-33680C5ADE4B}.Debug|Any CPU.Build.0 = Debug|Any CPU
		{B49C1246-019A-47EE-827C-33680C5ADE4B}.Release|Any CPU.ActiveCfg = Release|Any CPU
		{B49C1246-019A-47EE-827C-33680C5ADE4B}.Release|Any CPU.Build.0 = Release|Any CPU
		{FCF4C78D-561E-43BD-83D8-DC2015236922}.Debug|Any CPU.ActiveCfg = Debug|Any CPU
		{FCF4C78D-561E-43BD-83D8-DC2015236922}.Debug|Any CPU.Build.0 = Debug|Any CPU
		{FCF4C78D-561E-43BD-83D8-DC2015236922}.Release|Any CPU.ActiveCfg = Release|Any CPU
		{FCF4C78D-561E-43BD-83D8-DC2015236922}.Release|Any CPU.Build.0 = Release|Any CPU
		{9C1D6D1C-0C69-4375-9B80-4FC3D8D93CAD}.Debug|Any CPU.ActiveCfg = Debug|Any CPU
		{9C1D6D1C-0C69-4375-9B80-4FC3D8D93CAD}.Debug|Any CPU.Build.0 = Debug|Any CPU
		{9C1D6D1C-0C69-4375-9B80-4FC3D8D93CAD}.Release|Any CPU.ActiveCfg = Release|Any CPU
		{9C1D6D1C-0C69-4375-9B80-4FC3D8D93CAD}.Release|Any CPU.Build.0 = Release|Any CPU
		{707A47CC-7549-40D0-B38A-481F6E1C79B0}.Debug|Any CPU.ActiveCfg = Debug|Any CPU
		{707A47CC-7549-40D0-B38A-481F6E1C79B0}.Debug|Any CPU.Build.0 = Debug|Any CPU
		{707A47CC-7549-40D0-B38A-481F6E1C79B0}.Release|Any CPU.ActiveCfg = Release|Any CPU
		{707A47CC-7549-40D0-B38A-481F6E1C79B0}.Release|Any CPU.Build.0 = Release|Any CPU
		{676C23CF-F6F0-4D7A-8C8B-ECEDB9F8E713}.Debug|Any CPU.ActiveCfg = Debug|Any CPU
		{676C23CF-F6F0-4D7A-8C8B-ECEDB9F8E713}.Debug|Any CPU.Build.0 = Debug|Any CPU
		{676C23CF-F6F0-4D7A-8C8B-ECEDB9F8E713}.Release|Any CPU.ActiveCfg = Release|Any CPU
		{676C23CF-F6F0-4D7A-8C8B-ECEDB9F8E713}.Release|Any CPU.Build.0 = Release|Any CPU
		{337715E2-C73E-4EF1-AA3D-8DA45EBE186D}.Debug|Any CPU.ActiveCfg = Debug|Any CPU
		{337715E2-C73E-4EF1-AA3D-8DA45EBE186D}.Debug|Any CPU.Build.0 = Debug|Any CPU
		{337715E2-C73E-4EF1-AA3D-8DA45EBE186D}.Release|Any CPU.ActiveCfg = Release|Any CPU
		{337715E2-C73E-4EF1-AA3D-8DA45EBE186D}.Release|Any CPU.Build.0 = Release|Any CPU
		{94AD03A6-89FD-4FD5-A3EA-3ACA3893856D}.Debug|Any CPU.ActiveCfg = Debug|Any CPU
		{94AD03A6-89FD-4FD5-A3EA-3ACA3893856D}.Debug|Any CPU.Build.0 = Debug|Any CPU
		{94AD03A6-89FD-4FD5-A3EA-3ACA3893856D}.Release|Any CPU.ActiveCfg = Release|Any CPU
		{94AD03A6-89FD-4FD5-A3EA-3ACA3893856D}.Release|Any CPU.Build.0 = Release|Any CPU
		{69118521-C269-4AB5-8E12-D03E3694CCAC}.Debug|Any CPU.ActiveCfg = Debug|Any CPU
		{69118521-C269-4AB5-8E12-D03E3694CCAC}.Debug|Any CPU.Build.0 = Debug|Any CPU
		{69118521-C269-4AB5-8E12-D03E3694CCAC}.Release|Any CPU.ActiveCfg = Release|Any CPU
		{69118521-C269-4AB5-8E12-D03E3694CCAC}.Release|Any CPU.Build.0 = Release|Any CPU
		{A765D683-89E6-4CC6-BFDD-E7FEEA0BE715}.Debug|Any CPU.ActiveCfg = Debug|Any CPU
		{A765D683-89E6-4CC6-BFDD-E7FEEA0BE715}.Debug|Any CPU.Build.0 = Debug|Any CPU
		{A765D683-89E6-4CC6-BFDD-E7FEEA0BE715}.Release|Any CPU.ActiveCfg = Release|Any CPU
		{A765D683-89E6-4CC6-BFDD-E7FEEA0BE715}.Release|Any CPU.Build.0 = Release|Any CPU
	EndGlobalSection
	GlobalSection(SolutionProperties) = preSolution
		HideSolutionNode = FALSE
	EndGlobalSection
	GlobalSection(NestedProjects) = preSolution
		{9A13C783-18A2-4DE2-8132-5F5C31E150E7} = {35DB7D12-3A5A-409A-B7E6-83AE4E07B554}
		{BF8E7BFA-E80B-4637-B4BD-D3BFCCABBAB1} = {35DB7D12-3A5A-409A-B7E6-83AE4E07B554}
		{FDBBD22B-1F9A-401E-885A-F20040817B83} = {35DB7D12-3A5A-409A-B7E6-83AE4E07B554}
		{B49C1246-019A-47EE-827C-33680C5ADE4B} = {834E97A0-315B-4361-9B76-0A17FF7CD5E2}
		{FCF4C78D-561E-43BD-83D8-DC2015236922} = {35DB7D12-3A5A-409A-B7E6-83AE4E07B554}
		{9C1D6D1C-0C69-4375-9B80-4FC3D8D93CAD} = {35DB7D12-3A5A-409A-B7E6-83AE4E07B554}
		{707A47CC-7549-40D0-B38A-481F6E1C79B0} = {F5833F69-54E3-4BB8-A960-F2FDF6093CA0}
		{676C23CF-F6F0-4D7A-8C8B-ECEDB9F8E713} = {FFAEA53C-BAC7-4988-B4A6-C1F61CE67793}
		{337715E2-C73E-4EF1-AA3D-8DA45EBE186D} = {FFAEA53C-BAC7-4988-B4A6-C1F61CE67793}
		{94AD03A6-89FD-4FD5-A3EA-3ACA3893856D} = {2F7B5A5D-7DAC-4D30-9300-1251FAE7B736}
		{69118521-C269-4AB5-8E12-D03E3694CCAC} = {01F63996-82EA-4DFE-812F-9D037496CA86}
		{A765D683-89E6-4CC6-BFDD-E7FEEA0BE715} = {01F63996-82EA-4DFE-812F-9D037496CA86}
	EndGlobalSection
	GlobalSection(ExtensibilityGlobals) = postSolution
		SolutionGuid = {D1B35597-38FA-4417-A38A-41090E432447}
	EndGlobalSection
EndGlobal
